
Microsoft Visual Studio Solution File, Format Version 12.00
# Visual Studio Version 17
VisualStudioVersion = 17.3.32929.385
MinimumVisualStudioVersion = 10.0.40219.1
Project("{FAE04EC0-301F-11D3-BF4B-00C04F79EFBC}") = "uygulama2", "uygulama2\uygulama2.csproj", "{956D78B1-012C-4B19-8DAE-BBC56877FE5B}"
EndProject
Global
	GlobalSection(SolutionConfigurationPlatforms) = preSolution
		Debug|Any CPU = Debug|Any CPU
		Release|Any CPU = Release|Any CPU
	EndGlobalSection
	GlobalSection(ProjectConfigurationPlatforms) = postSolution
		{956D78B1-012C-4B19-8DAE-BBC56877FE5B}.Debug|Any CPU.ActiveCfg = Debug|Any CPU
		{956D78B1-012C-4B19-8DAE-BBC56877FE5B}.Debug|Any CPU.Build.0 = Debug|Any CPU
		{956D78B1-012C-4B19-8DAE-BBC56877FE5B}.Release|Any CPU.ActiveCfg = Release|Any CPU
		{956D78B1-012C-4B19-8DAE-BBC56877FE5B}.Release|Any CPU.Build.0 = Release|Any CPU
	EndGlobalSection
	GlobalSection(SolutionProperties) = preSolution
		HideSolutionNode = FALSE
	EndGlobalSection
	GlobalSection(ExtensibilityGlobals) = postSolution
		SolutionGuid = {9BDBC315-FC21-4E2B-9E14-B23D88530636}
	EndGlobalSection
EndGlobal
